
Microsoft Visual Studio Solution File, Format Version 12.00
# Visual Studio Version 17
VisualStudioVersion = 17.5.002.0
MinimumVisualStudioVersion = 10.0.40219.1
Project("{9A19103F-16F7-4668-BE54-9A1E7A4F7556}") = "PersonalBudgetTracker", "src\PersonalBudgetTracker.csproj", "{C279FC44-C44E-44E0-8287-3564605C64A6}"
EndProject
Global
	GlobalSection(SolutionConfigurationPlatforms) = preSolution
		Debug|Any CPU = Debug|Any CPU
		Release|Any CPU = Release|Any CPU
	EndGlobalSection
	GlobalSection(ProjectConfigurationPlatforms) = postSolution
		{C279FC44-C44E-44E0-8287-3564605C64A6}.Debug|Any CPU.ActiveCfg = Debug|Any CPU
		{C279FC44-C44E-44E0-8287-3564605C64A6}.Debug|Any CPU.Build.0 = Debug|Any CPU
		{C279FC44-C44E-44E0-8287-3564605C64A6}.Release|Any CPU.ActiveCfg = Release|Any CPU
		{C279FC44-C44E-44E0-8287-3564605C64A6}.Release|Any CPU.Build.0 = Release|Any CPU
	EndGlobalSection
	GlobalSection(SolutionProperties) = preSolution
		HideSolutionNode = FALSE
	EndGlobalSection
	GlobalSection(ExtensibilityGlobals) = postSolution
		SolutionGuid = {B27FBB3A-A486-4020-86FB-5590D5514E63}
	EndGlobalSection
EndGlobal
